
Microsoft Visual Studio Solution File, Format Version 12.00
# Visual Studio Version 17
VisualStudioVersion = 17.13.35931.197 d17.13
MinimumVisualStudioVersion = 10.0.40219.1
Project("{888888A0-9F3D-457C-B088-3A5042F75D52}") = "FDSAA", "FDSAA.pyproj", "{A13A1A3A-7541-4D6F-A015-7C0EDFD7CF8A}"
EndProject
Global
	GlobalSection(SolutionConfigurationPlatforms) = preSolution
		Debug|Any CPU = Debug|Any CPU
		Release|Any CPU = Release|Any CPU
	EndGlobalSection
	GlobalSection(ProjectConfigurationPlatforms) = postSolution
		{A13A1A3A-7541-4D6F-A015-7C0EDFD7CF8A}.Debug|Any CPU.ActiveCfg = Debug|Any CPU
		{A13A1A3A-7541-4D6F-A015-7C0EDFD7CF8A}.Release|Any CPU.ActiveCfg = Release|Any CPU
	EndGlobalSection
	GlobalSection(SolutionProperties) = preSolution
		HideSolutionNode = FALSE
	EndGlobalSection
	GlobalSection(ExtensibilityGlobals) = postSolution
		SolutionGuid = {B44A2D4D-141C-40E4-BBD0-BA593A032F5A}
	EndGlobalSection
EndGlobal
